schema: '2.0'
stages:
  prepare:
    cmd: python src/prepare.py data/data.xml
    deps:
    - path: data/data.xml
      md5: a304afb96060aad90176268345e10355
      size: 37891850
    - path: src/prepare.py
      md5: 51549a1c87b182ebdd785704f56ffaf1
      size: 1581
    params:
      params.yaml:
        prepare.seed: 20170428
        prepare.split: 0.2
    outs:
    - path: data/prepared
      md5: 20b786b6e6f80e2b3fcf17827ad18597.dir
      size: 23861319
      nfiles: 2
  featurize:
    cmd: python src/featurization.py data/prepared data/features
    deps:
    - path: data/prepared
      md5: 20b786b6e6f80e2b3fcf17827ad18597.dir
      size: 23861319
      nfiles: 2
    - path: src/featurization.py
      md5: 61c592707fd1b33e27819c87cf93f80a
      size: 2391
    params:
      params.yaml:
        featurize.max_features: 3000
        featurize.ngrams: 2
    outs:
    - path: data/features
      md5: 52c1fddf9b7b11dff75bffbeff7958d3.dir
      size: 12730163
      nfiles: 2
  train:
    cmd: python src/train.py data/features model.pkl
    deps:
    - path: data/features
      md5: 52c1fddf9b7b11dff75bffbeff7958d3.dir
      size: 12730163
      nfiles: 2
    - path: src/train.py
      md5: 9ab95496b29b6ea3418bbf20b9fe3473
      size: 964
    params:
      params.yaml:
        train.min_split: 64
        train.n_est: 50
        train.seed: 20170428
    outs:
    - path: model.pkl
      md5: d1b2c5d680e68be16b8adcf342e4c2a9
      size: 1078639
  evaluate:
    cmd: python src/evaluate.py model.pkl data/features scores.json prc.json roc.json
    deps:
    - path: data/features
      md5: 52c1fddf9b7b11dff75bffbeff7958d3.dir
      size: 12730163
      nfiles: 2
    - path: model.pkl
      md5: d1b2c5d680e68be16b8adcf342e4c2a9
      size: 1078639
    - path: src/evaluate.py
      md5: fb7b5209c9237ea6cf63550e5fe9b817
      size: 1943
    outs:
    - path: prc.json
      md5: bd9688f72ec393e147b253d31437f9e6
      size: 133397
    - path: roc.json
      md5: 12c02e3269197a04edbefb952acc47c4
      size: 80368
    - path: scores.json
      md5: 174eb4ad11345afbe357ef0a2493bb6c
      size: 73
